
Microsoft Visual Studio Solution File, Format Version 12.00
# Visual Studio Version 17
VisualStudioVersion = 17.6.33801.468
MinimumVisualStudioVersion = 10.0.40219.1
Project("{2150E333-8FDC-42A3-9474-1A3956D46DE8}") = "Task0", "Task0", "{9E0D666F-4FEB-434E-AE81-1EF06551A4F3}"
EndProject
Project("{FAE04EC0-301F-11D3-BF4B-00C04F79EFBC}") = "Tyuiu.ElmurzaevIH.Sprint6.Task0.V3.Lib", "Tyuiu.ElmurzaevIH.Sprint6.Task0.V3.Lib\Tyuiu.ElmurzaevIH.Sprint6.Task0.V3.Lib.csproj", "{63EB4412-052D-4E04-9FCD-69EEE436F0F8}"
EndProject
Project("{FAE04EC0-301F-11D3-BF4B-00C04F79EFBC}") = "Tyuiu.ElmurzaevIH.Sprint6.Task0.V3.Test", "Tyuiu.ElmurzaevIH.Sprint6.Task0.V3.Test\Tyuiu.ElmurzaevIH.Sprint6.Task0.V3.Test.csproj", "{56770F02-D52F-4EE4-AF64-248FD93908EF}"
EndProject
Project("{FAE04EC0-301F-11D3-BF4B-00C04F79EFBC}") = "Tyuiu.ElmurzaevIH.Sprint6.Task0.V3", "Tyuiu.ElmurzaevIH.Sprint6.Task0.V3\Tyuiu.ElmurzaevIH.Sprint6.Task0.V3.csproj", "{410124D3-1C79-410B-9C26-65BF56AC19EB}"
EndProject
Project("{2150E333-8FDC-42A3-9474-1A3956D46DE8}") = "Task1", "Task1", "{56DBE9D7-8346-4B87-A957-D87AD4343904}"
EndProject
Project("{FAE04EC0-301F-11D3-BF4B-00C04F79EFBC}") = "Tyuiu.ElmurzaevIH.Sprint6.Task1.V14.Lib", "Tyuiu.ElmurzaevIH.Sprint6.Task1.V14.Lib\Tyuiu.ElmurzaevIH.Sprint6.Task1.V14.Lib.csproj", "{9389CC37-5553-4F5B-8386-0307207E56D3}"
EndProject
Project("{FAE04EC0-301F-11D3-BF4B-00C04F79EFBC}") = "Tyuiu.ElmurzaevIH.Sprint6.Task1.V14.Test", "Tyuiu.ElmurzaevIH.Sprint6.Task1.V14.Test\Tyuiu.ElmurzaevIH.Sprint6.Task1.V14.Test.csproj", "{55EC8AC7-4F44-4BA5-A10B-C1EDA7028E67}"
EndProject
Project("{FAE04EC0-301F-11D3-BF4B-00C04F79EFBC}") = "Tyuiu.ElmurzaevIH.Sprint6.Task1.V14", "Tyuiu.ElmurzaevIH.Sprint6.Task1.V14\Tyuiu.ElmurzaevIH.Sprint6.Task1.V14.csproj", "{7AF7B729-F172-4F79-87AB-06CE0A8D61B1}"
EndProject
Project("{2150E333-8FDC-42A3-9474-1A3956D46DE8}") = "Task2", "Task2", "{D3A6B160-F92F-40AE-8318-15669A4EA13D}"
EndProject
Project("{FAE04EC0-301F-11D3-BF4B-00C04F79EFBC}") = "Tyuiu.ElmurzaevIH.Sprint6.Task2.V21.Lib", "Tyuiu.ElmurzaevIH.Sprint6.Task2.V21.Lib\Tyuiu.ElmurzaevIH.Sprint6.Task2.V21.Lib.csproj", "{BBE2B1AF-252F-432B-A97B-E5810E0E3672}"
EndProject
Project("{FAE04EC0-301F-11D3-BF4B-00C04F79EFBC}") = "Tyuiu.ElmurzaevIH.Sprint6.Task2.V21.Test", "Tyuiu.ElmurzaevIH.Sprint6.Task2.V21.Test\Tyuiu.ElmurzaevIH.Sprint6.Task2.V21.Test.csproj", "{62042413-36CC-4EA4-AC73-25E02CAFFBBF}"
EndProject
Project("{FAE04EC0-301F-11D3-BF4B-00C04F79EFBC}") = "Tyuiu.ElmurzaevIH.Sprint6.Task2.V21", "Tyuiu.ElmurzaevIH.Sprint6.Task2.V21\Tyuiu.ElmurzaevIH.Sprint6.Task2.V21.csproj", "{F3A37542-4AD5-4199-B246-690DA81D1EC5}"
EndProject
Project("{2150E333-8FDC-42A3-9474-1A3956D46DE8}") = "Task3", "Task3", "{55C19A6E-7BD3-4727-A864-C469BCA8A4FA}"
EndProject
Project("{FAE04EC0-301F-11D3-BF4B-00C04F79EFBC}") = "Tyuiu.ElmurzaevIH.Sprint6.Task3.V3.Lib", "Tyuiu.ElmurzaevIH.Sprint6.Task3.V3.Lib\Tyuiu.ElmurzaevIH.Sprint6.Task3.V3.Lib.csproj", "{1A51BA6A-AC7A-4CA7-8C5D-16DD289C85E3}"
EndProject
Project("{FAE04EC0-301F-11D3-BF4B-00C04F79EFBC}") = "Tyuiu.ElmurzaevIH.Sprint6.Task3.V3.Test", "Tyuiu.ElmurzaevIH.Sprint6.Task3.V3.Test\Tyuiu.ElmurzaevIH.Sprint6.Task3.V3.Test.csproj", "{4CCDA851-87DA-4673-AD9D-1A666D533CDD}"
EndProject
Project("{FAE04EC0-301F-11D3-BF4B-00C04F79EFBC}") = "Tyuiu.ElmurzaevIH.Sprint6.Task3.V3", "Tyuiu.ElmurzaevIH.Sprint6.Task3.V3\Tyuiu.ElmurzaevIH.Sprint6.Task3.V3.csproj", "{D4D3E31D-193B-4D91-9FBE-0EC8A3F88DF0}"
EndProject
Global
	GlobalSection(SolutionConfigurationPlatforms) = preSolution
		Debug|Any CPU = Debug|Any CPU
		Release|Any CPU = Release|Any CPU
	EndGlobalSection
	GlobalSection(ProjectConfigurationPlatforms) = postSolution
		{63EB4412-052D-4E04-9FCD-69EEE436F0F8}.Debug|Any CPU.ActiveCfg = Debug|Any CPU
		{63EB4412-052D-4E04-9FCD-69EEE436F0F8}.Debug|Any CPU.Build.0 = Debug|Any CPU
		{63EB4412-052D-4E04-9FCD-69EEE436F0F8}.Release|Any CPU.ActiveCfg = Release|Any CPU
		{63EB4412-052D-4E04-9FCD-69EEE436F0F8}.Release|Any CPU.Build.0 = Release|Any CPU
		{56770F02-D52F-4EE4-AF64-248FD93908EF}.Debug|Any CPU.ActiveCfg = Debug|Any CPU
		{56770F02-D52F-4EE4-AF64-248FD93908EF}.Debug|Any CPU.Build.0 = Debug|Any CPU
		{56770F02-D52F-4EE4-AF64-248FD93908EF}.Release|Any CPU.ActiveCfg = Release|Any CPU
		{56770F02-D52F-4EE4-AF64-248FD93908EF}.Release|Any CPU.Build.0 = Release|Any CPU
		{410124D3-1C79-410B-9C26-65BF56AC19EB}.Debug|Any CPU.ActiveCfg = Debug|Any CPU
		{410124D3-1C79-410B-9C26-65BF56AC19EB}.Debug|Any CPU.Build.0 = Debug|Any CPU
		{410124D3-1C79-410B-9C26-65BF56AC19EB}.Release|Any CPU.ActiveCfg = Release|Any CPU
		{410124D3-1C79-410B-9C26-65BF56AC19EB}.Release|Any CPU.Build.0 = Release|Any CPU
		{9389CC37-5553-4F5B-8386-0307207E56D3}.Debug|Any CPU.ActiveCfg = Debug|Any CPU
		{9389CC37-5553-4F5B-8386-0307207E56D3}.Debug|Any CPU.Build.0 = Debug|Any CPU
		{9389CC37-5553-4F5B-8386-0307207E56D3}.Release|Any CPU.ActiveCfg = Release|Any CPU
		{9389CC37-5553-4F5B-8386-0307207E56D3}.Release|Any CPU.Build.0 = Release|Any CPU
		{55EC8AC7-4F44-4BA5-A10B-C1EDA7028E67}.Debug|Any CPU.ActiveCfg = Debug|Any CPU
		{55EC8AC7-4F44-4BA5-A10B-C1EDA7028E67}.Debug|Any CPU.Build.0 = Debug|Any CPU
		{55EC8AC7-4F44-4BA5-A10B-C1EDA7028E67}.Release|Any CPU.ActiveCfg = Release|Any CPU
		{55EC8AC7-4F44-4BA5-A10B-C1EDA7028E67}.Release|Any CPU.Build.0 = Release|Any CPU
		{7AF7B729-F172-4F79-87AB-06CE0A8D61B1}.Debug|Any CPU.ActiveCfg = Debug|Any CPU
		{7AF7B729-F172-4F79-87AB-06CE0A8D61B1}.Debug|Any CPU.Build.0 = Debug|Any CPU
		{7AF7B729-F172-4F79-87AB-06CE0A8D61B1}.Release|Any CPU.ActiveCfg = Release|Any CPU
		{7AF7B729-F172-4F79-87AB-06CE0A8D61B1}.Release|Any CPU.Build.0 = Release|Any CPU
		{BBE2B1AF-252F-432B-A97B-E5810E0E3672}.Debug|Any CPU.ActiveCfg = Debug|Any CPU
		{BBE2B1AF-252F-432B-A97B-E5810E0E3672}.Debug|Any CPU.Build.0 = Debug|Any CPU
		{BBE2B1AF-252F-432B-A97B-E5810E0E3672}.Release|Any CPU.ActiveCfg = Release|Any CPU
		{BBE2B1AF-252F-432B-A97B-E5810E0E3672}.Release|Any CPU.Build.0 = Release|Any CPU
		{62042413-36CC-4EA4-AC73-25E02CAFFBBF}.Debug|Any CPU.ActiveCfg = Debug|Any CPU
		{62042413-36CC-4EA4-AC73-25E02CAFFBBF}.Debug|Any CPU.Build.0 = Debug|Any CPU
		{62042413-36CC-4EA4-AC73-25E02CAFFBBF}.Release|Any CPU.ActiveCfg = Release|Any CPU
		{62042413-36CC-4EA4-AC73-25E02CAFFBBF}.Release|Any CPU.Build.0 = Release|Any CPU
		{F3A37542-4AD5-4199-B246-690DA81D1EC5}.Debug|Any CPU.ActiveCfg = Debug|Any CPU
		{F3A37542-4AD5-4199-B246-690DA81D1EC5}.Debug|Any CPU.Build.0 = Debug|Any CPU
		{F3A37542-4AD5-4199-B246-690DA81D1EC5}.Release|Any CPU.ActiveCfg = Release|Any CPU
		{F3A37542-4AD5-4199-B246-690DA81D1EC5}.Release|Any CPU.Build.0 = Release|Any CPU
		{1A51BA6A-AC7A-4CA7-8C5D-16DD289C85E3}.Debug|Any CPU.ActiveCfg = Debug|Any CPU
		{1A51BA6A-AC7A-4CA7-8C5D-16DD289C85E3}.Debug|Any CPU.Build.0 = Debug|Any CPU
		{1A51BA6A-AC7A-4CA7-8C5D-16DD289C85E3}.Release|Any CPU.ActiveCfg = Release|Any CPU
		{1A51BA6A-AC7A-4CA7-8C5D-16DD289C85E3}.Release|Any CPU.Build.0 = Release|Any CPU
		{4CCDA851-87DA-4673-AD9D-1A666D533CDD}.Debug|Any CPU.ActiveCfg = Debug|Any CPU
		{4CCDA851-87DA-4673-AD9D-1A666D533CDD}.Debug|Any CPU.Build.0 = Debug|Any CPU
		{4CCDA851-87DA-4673-AD9D-1A666D533CDD}.Release|Any CPU.ActiveCfg = Release|Any CPU
		{4CCDA851-87DA-4673-AD9D-1A666D533CDD}.Release|Any CPU.Build.0 = Release|Any CPU
		{D4D3E31D-193B-4D91-9FBE-0EC8A3F88DF0}.Debug|Any CPU.ActiveCfg = Debug|Any CPU
		{D4D3E31D-193B-4D91-9FBE-0EC8A3F88DF0}.Debug|Any CPU.Build.0 = Debug|Any CPU
		{D4D3E31D-193B-4D91-9FBE-0EC8A3F88DF0}.Release|Any CPU.ActiveCfg = Release|Any CPU
		{D4D3E31D-193B-4D91-9FBE-0EC8A3F88DF0}.Release|Any CPU.Build.0 = Release|Any CPU
	EndGlobalSection
	GlobalSection(SolutionProperties) = preSolution
		HideSolutionNode = FALSE
	EndGlobalSection
	GlobalSection(NestedProjects) = preSolution
		{63EB4412-052D-4E04-9FCD-69EEE436F0F8} = {9E0D666F-4FEB-434E-AE81-1EF06551A4F3}
		{56770F02-D52F-4EE4-AF64-248FD93908EF} = {9E0D666F-4FEB-434E-AE81-1EF06551A4F3}
		{410124D3-1C79-410B-9C26-65BF56AC19EB} = {9E0D666F-4FEB-434E-AE81-1EF06551A4F3}
		{9389CC37-5553-4F5B-8386-0307207E56D3} = {56DBE9D7-8346-4B87-A957-D87AD4343904}
		{55EC8AC7-4F44-4BA5-A10B-C1EDA7028E67} = {56DBE9D7-8346-4B87-A957-D87AD4343904}
		{7AF7B729-F172-4F79-87AB-06CE0A8D61B1} = {56DBE9D7-8346-4B87-A957-D87AD4343904}
		{BBE2B1AF-252F-432B-A97B-E5810E0E3672} = {D3A6B160-F92F-40AE-8318-15669A4EA13D}
		{62042413-36CC-4EA4-AC73-25E02CAFFBBF} = {D3A6B160-F92F-40AE-8318-15669A4EA13D}
		{F3A37542-4AD5-4199-B246-690DA81D1EC5} = {D3A6B160-F92F-40AE-8318-15669A4EA13D}
		{1A51BA6A-AC7A-4CA7-8C5D-16DD289C85E3} = {55C19A6E-7BD3-4727-A864-C469BCA8A4FA}
		{4CCDA851-87DA-4673-AD9D-1A666D533CDD} = {55C19A6E-7BD3-4727-A864-C469BCA8A4FA}
		{D4D3E31D-193B-4D91-9FBE-0EC8A3F88DF0} = {55C19A6E-7BD3-4727-A864-C469BCA8A4FA}
	EndGlobalSection
	GlobalSection(ExtensibilityGlobals) = postSolution
		SolutionGuid = {A8737C29-8AF4-4E85-940D-028BE97CD08F}
	EndGlobalSection
EndGlobal
