
Microsoft Visual Studio Solution File, Format Version 12.00
# Visual Studio Version 17
VisualStudioVersion = 17.6.33801.468
MinimumVisualStudioVersion = 10.0.40219.1
Project("{2150E333-8FDC-42A3-9474-1A3956D46DE8}") = "Task0", "Task0", "{9E0D666F-4FEB-434E-AE81-1EF06551A4F3}"
EndProject
Project("{FAE04EC0-301F-11D3-BF4B-00C04F79EFBC}") = "Tyuiu.ElmurzaevIH.Sprint6.Task0.V3.Lib", "Tyuiu.ElmurzaevIH.Sprint6.Task0.V3.Lib\Tyuiu.ElmurzaevIH.Sprint6.Task0.V3.Lib.csproj", "{63EB4412-052D-4E04-9FCD-69EEE436F0F8}"
EndProject
Project("{FAE04EC0-301F-11D3-BF4B-00C04F79EFBC}") = "Tyuiu.ElmurzaevIH.Sprint6.Task0.V3.Test", "Tyuiu.ElmurzaevIH.Sprint6.Task0.V3.Test\Tyuiu.ElmurzaevIH.Sprint6.Task0.V3.Test.csproj", "{56770F02-D52F-4EE4-AF64-248FD93908EF}"
EndProject
Project("{FAE04EC0-301F-11D3-BF4B-00C04F79EFBC}") = "Tyuiu.ElmurzaevIH.Sprint6.Task0.V3", "Tyuiu.ElmurzaevIH.Sprint6.Task0.V3\Tyuiu.ElmurzaevIH.Sprint6.Task0.V3.csproj", "{410124D3-1C79-410B-9C26-65BF56AC19EB}"
EndProject
Project("{2150E333-8FDC-42A3-9474-1A3956D46DE8}") = "Task1", "Task1", "{56DBE9D7-8346-4B87-A957-D87AD4343904}"
EndProject
Project("{FAE04EC0-301F-11D3-BF4B-00C04F79EFBC}") = "Tyuiu.ElmurzaevIH.Sprint6.Task1.V14.Lib", "Tyuiu.ElmurzaevIH.Sprint6.Task1.V14.Lib\Tyuiu.ElmurzaevIH.Sprint6.Task1.V14.Lib.csproj", "{9389CC37-5553-4F5B-8386-0307207E56D3}"
EndProject
Project("{FAE04EC0-301F-11D3-BF4B-00C04F79EFBC}") = "Tyuiu.ElmurzaevIH.Sprint6.Task1.V14.Test", "Tyuiu.ElmurzaevIH.Sprint6.Task1.V14.Test\Tyuiu.ElmurzaevIH.Sprint6.Task1.V14.Test.csproj", "{55EC8AC7-4F44-4BA5-A10B-C1EDA7028E67}"
EndProject
Project("{FAE04EC0-301F-11D3-BF4B-00C04F79EFBC}") = "Tyuiu.ElmurzaevIH.Sprint6.Task1.V14", "Tyuiu.ElmurzaevIH.Sprint6.Task1.V14\Tyuiu.ElmurzaevIH.Sprint6.Task1.V14.csproj", "{7AF7B729-F172-4F79-87AB-06CE0A8D61B1}"
EndProject
Project("{2150E333-8FDC-42A3-9474-1A3956D46DE8}") = "Task2", "Task2", "{D3A6B160-F92F-40AE-8318-15669A4EA13D}"
EndProject
Project("{FAE04EC0-301F-11D3-BF4B-00C04F79EFBC}") = "Tyuiu.ElmurzaevIH.Sprint6.Task2.V21.Lib", "Tyuiu.ElmurzaevIH.Sprint6.Task2.V21.Lib\Tyuiu.ElmurzaevIH.Sprint6.Task2.V21.Lib.csproj", "{BBE2B1AF-252F-432B-A97B-E5810E0E3672}"
EndProject
Project("{FAE04EC0-301F-11D3-BF4B-00C04F79EFBC}") = "Tyuiu.ElmurzaevIH.Sprint6.Task2.V21.Test", "Tyuiu.ElmurzaevIH.Sprint6.Task2.V21.Test\Tyuiu.ElmurzaevIH.Sprint6.Task2.V21.Test.csproj", "{62042413-36CC-4EA4-AC73-25E02CAFFBBF}"
EndProject
Project("{FAE04EC0-301F-11D3-BF4B-00C04F79EFBC}") = "Tyuiu.ElmurzaevIH.Sprint6.Task2.V21", "Tyuiu.ElmurzaevIH.Sprint6.Task2.V21\Tyuiu.ElmurzaevIH.Sprint6.Task2.V21.csproj", "{F3A37542-4AD5-4199-B246-690DA81D1EC5}"
EndProject
Project("{2150E333-8FDC-42A3-9474-1A3956D46DE8}") = "Task3", "Task3", "{55C19A6E-7BD3-4727-A864-C469BCA8A4FA}"
EndProject
Project("{FAE04EC0-301F-11D3-BF4B-00C04F79EFBC}") = "Tyuiu.ElmurzaevIH.Sprint6.Task3.V3.Lib", "Tyuiu.ElmurzaevIH.Sprint6.Task3.V3.Lib\Tyuiu.ElmurzaevIH.Sprint6.Task3.V3.Lib.csproj", "{1A51BA6A-AC7A-4CA7-8C5D-16DD289C85E3}"
EndProject
Project("{FAE04EC0-301F-11D3-BF4B-00C04F79EFBC}") = "Tyuiu.ElmurzaevIH.Sprint6.Task3.V3.Test", "Tyuiu.ElmurzaevIH.Sprint6.Task3.V3.Test\Tyuiu.ElmurzaevIH.Sprint6.Task3.V3.Test.csproj", "{4CCDA851-87DA-4673-AD9D-1A666D533CDD}"
EndProject
Project("{FAE04EC0-301F-11D3-BF4B-00C04F79EFBC}") = "Tyuiu.ElmurzaevIH.Sprint6.Task3.V3", "Tyuiu.ElmurzaevIH.Sprint6.Task3.V3\Tyuiu.ElmurzaevIH.Sprint6.Task3.V3.csproj", "{D4D3E31D-193B-4D91-9FBE-0EC8A3F88DF0}"
EndProject
Project("{2150E333-8FDC-42A3-9474-1A3956D46DE8}") = "Task4", "Task4", "{C37F4E8B-863B-4773-8031-28E505109625}"
EndProject
Project("{FAE04EC0-301F-11D3-BF4B-00C04F79EFBC}") = "Tyuiu.ElmurzaevIH.Sprint6.Task4.V3.Lib", "Tyuiu.ElmurzaevIH.Sprint6.Task4.V3.Lib\Tyuiu.ElmurzaevIH.Sprint6.Task4.V3.Lib.csproj", "{03A227B2-4CD0-4A30-98D4-77EB00294EFC}"
EndProject
Project("{FAE04EC0-301F-11D3-BF4B-00C04F79EFBC}") = "Tyuiu.ElmurzaevIH.Sprint6.Task4.V3.Test", "Tyuiu.ElmurzaevIH.Sprint6.Task4.V3.Test\Tyuiu.ElmurzaevIH.Sprint6.Task4.V3.Test.csproj", "{E3AAA2AA-4A3E-40DB-AB2E-12F100B33FDB}"
EndProject
Project("{FAE04EC0-301F-11D3-BF4B-00C04F79EFBC}") = "Tyuiu.ElmurzaevIH.Sprint6.Task4.V3", "Tyuiu.ElmurzaevIH.Sprint6.Task4.V3\Tyuiu.ElmurzaevIH.Sprint6.Task4.V3.csproj", "{3C559BBC-1DE7-40C1-AF6F-A436D15A3DC5}"
EndProject
Project("{2150E333-8FDC-42A3-9474-1A3956D46DE8}") = "Task5", "Task5", "{764DCC75-3E68-4CF1-BAA1-C515F4945644}"
EndProject
Project("{FAE04EC0-301F-11D3-BF4B-00C04F79EFBC}") = "Tyuiu.ElmurzaevIH.Sprint6.Task5.V5.Lib", "Tyuiu.ElmurzaevIH.Sprint6.Task5.V5.Lib\Tyuiu.ElmurzaevIH.Sprint6.Task5.V5.Lib.csproj", "{D76149FC-5982-40D6-8547-BE2975C9BDB0}"
EndProject
Project("{FAE04EC0-301F-11D3-BF4B-00C04F79EFBC}") = "Tyuiu.ElmurzaevIH.Sprint6.Task5.V5.Test", "Tyuiu.ElmurzaevIH.Sprint6.Task5.V5.Test\Tyuiu.ElmurzaevIH.Sprint6.Task5.V5.Test.csproj", "{315C3C8A-8035-4FFB-B2D0-79DDEA69EB28}"
EndProject
Project("{FAE04EC0-301F-11D3-BF4B-00C04F79EFBC}") = "Tyuiu.ElmurzaevIH.Sprint6.Task5.V5", "Tyuiu.ElmurzaevIH.Sprint6.Task5.V5\Tyuiu.ElmurzaevIH.Sprint6.Task5.V5.csproj", "{068B53B7-0378-4AB0-8443-E550A21D62B4}"
EndProject
Project("{2150E333-8FDC-42A3-9474-1A3956D46DE8}") = "Task6", "Task6", "{F943E9AA-4534-4C6F-9082-3C482E1524A7}"
EndProject
Project("{FAE04EC0-301F-11D3-BF4B-00C04F79EFBC}") = "Tyuiu.ElmurzaevIH.Sprint6.Task6.V26.Lib", "Tyuiu.ElmurzaevIH.Sprint6.Task6.V26.Lib\Tyuiu.ElmurzaevIH.Sprint6.Task6.V26.Lib.csproj", "{C692D04D-978D-4DE4-8ACC-CCEE03558EA4}"
EndProject
Project("{FAE04EC0-301F-11D3-BF4B-00C04F79EFBC}") = "Tyuiu.ElmurzaevIH.Sprint6.Task6.V26.Test", "Tyuiu.ElmurzaevIH.Sprint6.Task6.V26.Test\Tyuiu.ElmurzaevIH.Sprint6.Task6.V26.Test.csproj", "{A1DA3334-FD77-4923-B49C-AE4EE71D885B}"
EndProject
Project("{FAE04EC0-301F-11D3-BF4B-00C04F79EFBC}") = "Tyuiu.ElmurzaevIH.Sprint6.Task6.V26", "Tyuiu.ElmurzaevIH.Sprint6.Task6.V26\Tyuiu.ElmurzaevIH.Sprint6.Task6.V26.csproj", "{BBC2D4AD-B199-42A9-9D82-BCC8397FE236}"
EndProject
Project("{2150E333-8FDC-42A3-9474-1A3956D46DE8}") = "Task7", "Task7", "{67A7C4F1-AA03-4FAE-8A52-F9A8CDF1217E}"
EndProject
Project("{FAE04EC0-301F-11D3-BF4B-00C04F79EFBC}") = "Tyuiu.ElmurzaevIH.Sprint6.Task7.V28.Lib", "Tyuiu.ElmurzaevIH.Sprint6.Task7.V28.Lib\Tyuiu.ElmurzaevIH.Sprint6.Task7.V28.Lib.csproj", "{A03541D9-C9AE-4F50-97E5-9ADA7E3DBDB8}"
EndProject
Project("{FAE04EC0-301F-11D3-BF4B-00C04F79EFBC}") = "Tyuiu.ElmurzaevIH.Sprint6.Task7.V28.Test", "Tyuiu.ElmurzaevIH.Sprint6.Task7.V28.Test\Tyuiu.ElmurzaevIH.Sprint6.Task7.V28.Test.csproj", "{5CF86D56-3EBC-4D0E-B78D-39A1653A85E0}"
EndProject
Project("{FAE04EC0-301F-11D3-BF4B-00C04F79EFBC}") = "Tyuiu.ElmurzaevIH.Sprint6.Task7.V28", "Tyuiu.ElmurzaevIH.Sprint6.Task7.V28\Tyuiu.ElmurzaevIH.Sprint6.Task7.V28.csproj", "{EABE4F8B-615A-4ABC-8702-AA5C2358B7F6}"
EndProject
Global
	GlobalSection(SolutionConfigurationPlatforms) = preSolution
		Debug|Any CPU = Debug|Any CPU
		Release|Any CPU = Release|Any CPU
	EndGlobalSection
	GlobalSection(ProjectConfigurationPlatforms) = postSolution
		{63EB4412-052D-4E04-9FCD-69EEE436F0F8}.Debug|Any CPU.ActiveCfg = Debug|Any CPU
		{63EB4412-052D-4E04-9FCD-69EEE436F0F8}.Debug|Any CPU.Build.0 = Debug|Any CPU
		{63EB4412-052D-4E04-9FCD-69EEE436F0F8}.Release|Any CPU.ActiveCfg = Release|Any CPU
		{63EB4412-052D-4E04-9FCD-69EEE436F0F8}.Release|Any CPU.Build.0 = Release|Any CPU
		{56770F02-D52F-4EE4-AF64-248FD93908EF}.Debug|Any CPU.ActiveCfg = Debug|Any CPU
		{56770F02-D52F-4EE4-AF64-248FD93908EF}.Debug|Any CPU.Build.0 = Debug|Any CPU
		{56770F02-D52F-4EE4-AF64-248FD93908EF}.Release|Any CPU.ActiveCfg = Release|Any CPU
		{56770F02-D52F-4EE4-AF64-248FD93908EF}.Release|Any CPU.Build.0 = Release|Any CPU
		{410124D3-1C79-410B-9C26-65BF56AC19EB}.Debug|Any CPU.ActiveCfg = Debug|Any CPU
		{410124D3-1C79-410B-9C26-65BF56AC19EB}.Debug|Any CPU.Build.0 = Debug|Any CPU
		{410124D3-1C79-410B-9C26-65BF56AC19EB}.Release|Any CPU.ActiveCfg = Release|Any CPU
		{410124D3-1C79-410B-9C26-65BF56AC19EB}.Release|Any CPU.Build.0 = Release|Any CPU
		{9389CC37-5553-4F5B-8386-0307207E56D3}.Debug|Any CPU.ActiveCfg = Debug|Any CPU
		{9389CC37-5553-4F5B-8386-0307207E56D3}.Debug|Any CPU.Build.0 = Debug|Any CPU
		{9389CC37-5553-4F5B-8386-0307207E56D3}.Release|Any CPU.ActiveCfg = Release|Any CPU
		{9389CC37-5553-4F5B-8386-0307207E56D3}.Release|Any CPU.Build.0 = Release|Any CPU
		{55EC8AC7-4F44-4BA5-A10B-C1EDA7028E67}.Debug|Any CPU.ActiveCfg = Debug|Any CPU
		{55EC8AC7-4F44-4BA5-A10B-C1EDA7028E67}.Debug|Any CPU.Build.0 = Debug|Any CPU
		{55EC8AC7-4F44-4BA5-A10B-C1EDA7028E67}.Release|Any CPU.ActiveCfg = Release|Any CPU
		{55EC8AC7-4F44-4BA5-A10B-C1EDA7028E67}.Release|Any CPU.Build.0 = Release|Any CPU
		{7AF7B729-F172-4F79-87AB-06CE0A8D61B1}.Debug|Any CPU.ActiveCfg = Debug|Any CPU
		{7AF7B729-F172-4F79-87AB-06CE0A8D61B1}.Debug|Any CPU.Build.0 = Debug|Any CPU
		{7AF7B729-F172-4F79-87AB-06CE0A8D61B1}.Release|Any CPU.ActiveCfg = Release|Any CPU
		{7AF7B729-F172-4F79-87AB-06CE0A8D61B1}.Release|Any CPU.Build.0 = Release|Any CPU
		{BBE2B1AF-252F-432B-A97B-E5810E0E3672}.Debug|Any CPU.ActiveCfg = Debug|Any CPU
		{BBE2B1AF-252F-432B-A97B-E5810E0E3672}.Debug|Any CPU.Build.0 = Debug|Any CPU
		{BBE2B1AF-252F-432B-A97B-E5810E0E3672}.Release|Any CPU.ActiveCfg = Release|Any CPU
		{BBE2B1AF-252F-432B-A97B-E5810E0E3672}.Release|Any CPU.Build.0 = Release|Any CPU
		{62042413-36CC-4EA4-AC73-25E02CAFFBBF}.Debug|Any CPU.ActiveCfg = Debug|Any CPU
		{62042413-36CC-4EA4-AC73-25E02CAFFBBF}.Debug|Any CPU.Build.0 = Debug|Any CPU
		{62042413-36CC-4EA4-AC73-25E02CAFFBBF}.Release|Any CPU.ActiveCfg = Release|Any CPU
		{62042413-36CC-4EA4-AC73-25E02CAFFBBF}.Release|Any CPU.Build.0 = Release|Any CPU
		{F3A37542-4AD5-4199-B246-690DA81D1EC5}.Debug|Any CPU.ActiveCfg = Debug|Any CPU
		{F3A37542-4AD5-4199-B246-690DA81D1EC5}.Debug|Any CPU.Build.0 = Debug|Any CPU
		{F3A37542-4AD5-4199-B246-690DA81D1EC5}.Release|Any CPU.ActiveCfg = Release|Any CPU
		{F3A37542-4AD5-4199-B246-690DA81D1EC5}.Release|Any CPU.Build.0 = Release|Any CPU
		{1A51BA6A-AC7A-4CA7-8C5D-16DD289C85E3}.Debug|Any CPU.ActiveCfg = Debug|Any CPU
		{1A51BA6A-AC7A-4CA7-8C5D-16DD289C85E3}.Debug|Any CPU.Build.0 = Debug|Any CPU
		{1A51BA6A-AC7A-4CA7-8C5D-16DD289C85E3}.Release|Any CPU.ActiveCfg = Release|Any CPU
		{1A51BA6A-AC7A-4CA7-8C5D-16DD289C85E3}.Release|Any CPU.Build.0 = Release|Any CPU
		{4CCDA851-87DA-4673-AD9D-1A666D533CDD}.Debug|Any CPU.ActiveCfg = Debug|Any CPU
		{4CCDA851-87DA-4673-AD9D-1A666D533CDD}.Debug|Any CPU.Build.0 = Debug|Any CPU
		{4CCDA851-87DA-4673-AD9D-1A666D533CDD}.Release|Any CPU.ActiveCfg = Release|Any CPU
		{4CCDA851-87DA-4673-AD9D-1A666D533CDD}.Release|Any CPU.Build.0 = Release|Any CPU
		{D4D3E31D-193B-4D91-9FBE-0EC8A3F88DF0}.Debug|Any CPU.ActiveCfg = Debug|Any CPU
		{D4D3E31D-193B-4D91-9FBE-0EC8A3F88DF0}.Debug|Any CPU.Build.0 = Debug|Any CPU
		{D4D3E31D-193B-4D91-9FBE-0EC8A3F88DF0}.Release|Any CPU.ActiveCfg = Release|Any CPU
		{D4D3E31D-193B-4D91-9FBE-0EC8A3F88DF0}.Release|Any CPU.Build.0 = Release|Any CPU
		{03A227B2-4CD0-4A30-98D4-77EB00294EFC}.Debug|Any CPU.ActiveCfg = Debug|Any CPU
		{03A227B2-4CD0-4A30-98D4-77EB00294EFC}.Debug|Any CPU.Build.0 = Debug|Any CPU
		{03A227B2-4CD0-4A30-98D4-77EB00294EFC}.Release|Any CPU.ActiveCfg = Release|Any CPU
		{03A227B2-4CD0-4A30-98D4-77EB00294EFC}.Release|Any CPU.Build.0 = Release|Any CPU
		{E3AAA2AA-4A3E-40DB-AB2E-12F100B33FDB}.Debug|Any CPU.ActiveCfg = Debug|Any CPU
		{E3AAA2AA-4A3E-40DB-AB2E-12F100B33FDB}.Debug|Any CPU.Build.0 = Debug|Any CPU
		{E3AAA2AA-4A3E-40DB-AB2E-12F100B33FDB}.Release|Any CPU.ActiveCfg = Release|Any CPU
		{E3AAA2AA-4A3E-40DB-AB2E-12F100B33FDB}.Release|Any CPU.Build.0 = Release|Any CPU
		{3C559BBC-1DE7-40C1-AF6F-A436D15A3DC5}.Debug|Any CPU.ActiveCfg = Debug|Any CPU
		{3C559BBC-1DE7-40C1-AF6F-A436D15A3DC5}.Debug|Any CPU.Build.0 = Debug|Any CPU
		{3C559BBC-1DE7-40C1-AF6F-A436D15A3DC5}.Release|Any CPU.ActiveCfg = Release|Any CPU
		{3C559BBC-1DE7-40C1-AF6F-A436D15A3DC5}.Release|Any CPU.Build.0 = Release|Any CPU
		{D76149FC-5982-40D6-8547-BE2975C9BDB0}.Debug|Any CPU.ActiveCfg = Debug|Any CPU
		{D76149FC-5982-40D6-8547-BE2975C9BDB0}.Debug|Any CPU.Build.0 = Debug|Any CPU
		{D76149FC-5982-40D6-8547-BE2975C9BDB0}.Release|Any CPU.ActiveCfg = Release|Any CPU
		{D76149FC-5982-40D6-8547-BE2975C9BDB0}.Release|Any CPU.Build.0 = Release|Any CPU
		{315C3C8A-8035-4FFB-B2D0-79DDEA69EB28}.Debug|Any CPU.ActiveCfg = Debug|Any CPU
		{315C3C8A-8035-4FFB-B2D0-79DDEA69EB28}.Debug|Any CPU.Build.0 = Debug|Any CPU
		{315C3C8A-8035-4FFB-B2D0-79DDEA69EB28}.Release|Any CPU.ActiveCfg = Release|Any CPU
		{315C3C8A-8035-4FFB-B2D0-79DDEA69EB28}.Release|Any CPU.Build.0 = Release|Any CPU
		{068B53B7-0378-4AB0-8443-E550A21D62B4}.Debug|Any CPU.ActiveCfg = Debug|Any CPU
		{068B53B7-0378-4AB0-8443-E550A21D62B4}.Debug|Any CPU.Build.0 = Debug|Any CPU
		{068B53B7-0378-4AB0-8443-E550A21D62B4}.Release|Any CPU.ActiveCfg = Release|Any CPU
		{068B53B7-0378-4AB0-8443-E550A21D62B4}.Release|Any CPU.Build.0 = Release|Any CPU
		{C692D04D-978D-4DE4-8ACC-CCEE03558EA4}.Debug|Any CPU.ActiveCfg = Debug|Any CPU
		{C692D04D-978D-4DE4-8ACC-CCEE03558EA4}.Debug|Any CPU.Build.0 = Debug|Any CPU
		{C692D04D-978D-4DE4-8ACC-CCEE03558EA4}.Release|Any CPU.ActiveCfg = Release|Any CPU
		{C692D04D-978D-4DE4-8ACC-CCEE03558EA4}.Release|Any CPU.Build.0 = Release|Any CPU
		{A1DA3334-FD77-4923-B49C-AE4EE71D885B}.Debug|Any CPU.ActiveCfg = Debug|Any CPU
		{A1DA3334-FD77-4923-B49C-AE4EE71D885B}.Debug|Any CPU.Build.0 = Debug|Any CPU
		{A1DA3334-FD77-4923-B49C-AE4EE71D885B}.Release|Any CPU.ActiveCfg = Release|Any CPU
		{A1DA3334-FD77-4923-B49C-AE4EE71D885B}.Release|Any CPU.Build.0 = Release|Any CPU
		{BBC2D4AD-B199-42A9-9D82-BCC8397FE236}.Debug|Any CPU.ActiveCfg = Debug|Any CPU
		{BBC2D4AD-B199-42A9-9D82-BCC8397FE236}.Debug|Any CPU.Build.0 = Debug|Any CPU
		{BBC2D4AD-B199-42A9-9D82-BCC8397FE236}.Release|Any CPU.ActiveCfg = Release|Any CPU
		{BBC2D4AD-B199-42A9-9D82-BCC8397FE236}.Release|Any CPU.Build.0 = Release|Any CPU
		{A03541D9-C9AE-4F50-97E5-9ADA7E3DBDB8}.Debug|Any CPU.ActiveCfg = Debug|Any CPU
		{A03541D9-C9AE-4F50-97E5-9ADA7E3DBDB8}.Debug|Any CPU.Build.0 = Debug|Any CPU
		{A03541D9-C9AE-4F50-97E5-9ADA7E3DBDB8}.Release|Any CPU.ActiveCfg = Release|Any CPU
		{A03541D9-C9AE-4F50-97E5-9ADA7E3DBDB8}.Release|Any CPU.Build.0 = Release|Any CPU
		{5CF86D56-3EBC-4D0E-B78D-39A1653A85E0}.Debug|Any CPU.ActiveCfg = Debug|Any CPU
		{5CF86D56-3EBC-4D0E-B78D-39A1653A85E0}.Debug|Any CPU.Build.0 = Debug|Any CPU
		{5CF86D56-3EBC-4D0E-B78D-39A1653A85E0}.Release|Any CPU.ActiveCfg = Release|Any CPU
		{5CF86D56-3EBC-4D0E-B78D-39A1653A85E0}.Release|Any CPU.Build.0 = Release|Any CPU
		{EABE4F8B-615A-4ABC-8702-AA5C2358B7F6}.Debug|Any CPU.ActiveCfg = Debug|Any CPU
		{EABE4F8B-615A-4ABC-8702-AA5C2358B7F6}.Debug|Any CPU.Build.0 = Debug|Any CPU
		{EABE4F8B-615A-4ABC-8702-AA5C2358B7F6}.Release|Any CPU.ActiveCfg = Release|Any CPU
		{EABE4F8B-615A-4ABC-8702-AA5C2358B7F6}.Release|Any CPU.Build.0 = Release|Any CPU
	EndGlobalSection
	GlobalSection(SolutionProperties) = preSolution
		HideSolutionNode = FALSE
	EndGlobalSection
	GlobalSection(NestedProjects) = preSolution
		{63EB4412-052D-4E04-9FCD-69EEE436F0F8} = {9E0D666F-4FEB-434E-AE81-1EF06551A4F3}
		{56770F02-D52F-4EE4-AF64-248FD93908EF} = {9E0D666F-4FEB-434E-AE81-1EF06551A4F3}
		{410124D3-1C79-410B-9C26-65BF56AC19EB} = {9E0D666F-4FEB-434E-AE81-1EF06551A4F3}
		{9389CC37-5553-4F5B-8386-0307207E56D3} = {56DBE9D7-8346-4B87-A957-D87AD4343904}
		{55EC8AC7-4F44-4BA5-A10B-C1EDA7028E67} = {56DBE9D7-8346-4B87-A957-D87AD4343904}
		{7AF7B729-F172-4F79-87AB-06CE0A8D61B1} = {56DBE9D7-8346-4B87-A957-D87AD4343904}
		{BBE2B1AF-252F-432B-A97B-E5810E0E3672} = {D3A6B160-F92F-40AE-8318-15669A4EA13D}
		{62042413-36CC-4EA4-AC73-25E02CAFFBBF} = {D3A6B160-F92F-40AE-8318-15669A4EA13D}
		{F3A37542-4AD5-4199-B246-690DA81D1EC5} = {D3A6B160-F92F-40AE-8318-15669A4EA13D}
		{1A51BA6A-AC7A-4CA7-8C5D-16DD289C85E3} = {55C19A6E-7BD3-4727-A864-C469BCA8A4FA}
		{4CCDA851-87DA-4673-AD9D-1A666D533CDD} = {55C19A6E-7BD3-4727-A864-C469BCA8A4FA}
		{D4D3E31D-193B-4D91-9FBE-0EC8A3F88DF0} = {55C19A6E-7BD3-4727-A864-C469BCA8A4FA}
		{03A227B2-4CD0-4A30-98D4-77EB00294EFC} = {C37F4E8B-863B-4773-8031-28E505109625}
		{E3AAA2AA-4A3E-40DB-AB2E-12F100B33FDB} = {C37F4E8B-863B-4773-8031-28E505109625}
		{3C559BBC-1DE7-40C1-AF6F-A436D15A3DC5} = {C37F4E8B-863B-4773-8031-28E505109625}
		{D76149FC-5982-40D6-8547-BE2975C9BDB0} = {764DCC75-3E68-4CF1-BAA1-C515F4945644}
		{315C3C8A-8035-4FFB-B2D0-79DDEA69EB28} = {764DCC75-3E68-4CF1-BAA1-C515F4945644}
		{068B53B7-0378-4AB0-8443-E550A21D62B4} = {764DCC75-3E68-4CF1-BAA1-C515F4945644}
		{C692D04D-978D-4DE4-8ACC-CCEE03558EA4} = {F943E9AA-4534-4C6F-9082-3C482E1524A7}
		{A1DA3334-FD77-4923-B49C-AE4EE71D885B} = {F943E9AA-4534-4C6F-9082-3C482E1524A7}
		{BBC2D4AD-B199-42A9-9D82-BCC8397FE236} = {F943E9AA-4534-4C6F-9082-3C482E1524A7}
		{A03541D9-C9AE-4F50-97E5-9ADA7E3DBDB8} = {67A7C4F1-AA03-4FAE-8A52-F9A8CDF1217E}
		{5CF86D56-3EBC-4D0E-B78D-39A1653A85E0} = {67A7C4F1-AA03-4FAE-8A52-F9A8CDF1217E}
		{EABE4F8B-615A-4ABC-8702-AA5C2358B7F6} = {67A7C4F1-AA03-4FAE-8A52-F9A8CDF1217E}
	EndGlobalSection
	GlobalSection(ExtensibilityGlobals) = postSolution
		SolutionGuid = {A8737C29-8AF4-4E85-940D-028BE97CD08F}
	EndGlobalSection
EndGlobal
